
Microsoft Visual Studio Solution File, Format Version 12.00
# Visual Studio 15
VisualStudioVersion = 15.0.26430.12
MinimumVisualStudioVersion = 10.0.40219.1
Project("{FAE04EC0-301F-11D3-BF4B-00C04F79EFBC}") = "Titanic", "Titanic\Titanic.csproj", "{7EA7451F-4B3E-4A2D-A763-AC61B8E34981}"
EndProject
Global
	GlobalSection(SolutionConfigurationPlatforms) = preSolution
		Debug|Any CPU = Debug|Any CPU
		Debug|x64 = Debug|x64
		Release|Any CPU = Release|Any CPU
		Release|x64 = Release|x64
	EndGlobalSection
	GlobalSection(ProjectConfigurationPlatforms) = postSolution
		{7EA7451F-4B3E-4A2D-A763-AC61B8E34981}.Debug|Any CPU.ActiveCfg = Debug|Any CPU
		{7EA7451F-4B3E-4A2D-A763-AC61B8E34981}.Debug|Any CPU.Build.0 = Debug|Any CPU
		{7EA7451F-4B3E-4A2D-A763-AC61B8E34981}.Debug|x64.ActiveCfg = Debug|x64
		{7EA7451F-4B3E-4A2D-A763-AC61B8E34981}.Debug|x64.Build.0 = Debug|x64
		{7EA7451F-4B3E-4A2D-A763-AC61B8E34981}.Release|Any CPU.ActiveCfg = Release|Any CPU
		{7EA7451F-4B3E-4A2D-A763-AC61B8E34981}.Release|Any CPU.Build.0 = Release|Any CPU
		{7EA7451F-4B3E-4A2D-A763-AC61B8E34981}.Release|x64.ActiveCfg = Release|x64
		{7EA7451F-4B3E-4A2D-A763-AC61B8E34981}.Release|x64.Build.0 = Release|x64
	EndGlobalSection
	GlobalSection(SolutionProperties) = preSolution
		HideSolutionNode = FALSE
	EndGlobalSection
	GlobalSection(ExtensibilityGlobals) = postSolution
		SolutionGuid = {8888D1BE-0C57-4531-AB24-000AC9507802}
	EndGlobalSection
EndGlobal
